
Microsoft Visual Studio Solution File, Format Version 12.00
# Visual Studio Version 16
VisualStudioVersion = 16.0.30225.117
MinimumVisualStudioVersion = 10.0.40219.1
Project("{FAE04EC0-301F-11D3-BF4B-00C04F79EFBC}") = "Leitura de dados", "Leitura de dados\Leitura de dados.csproj", "{EDB469E7-134E-48AB-AF7E-A6A1F08AFFD1}"
EndProject
Global
	GlobalSection(SolutionConfigurationPlatforms) = preSolution
		Debug|Any CPU = Debug|Any CPU
		Release|Any CPU = Release|Any CPU
	EndGlobalSection
	GlobalSection(ProjectConfigurationPlatforms) = postSolution
		{EDB469E7-134E-48AB-AF7E-A6A1F08AFFD1}.Debug|Any CPU.ActiveCfg = Debug|Any CPU
		{EDB469E7-134E-48AB-AF7E-A6A1F08AFFD1}.Debug|Any CPU.Build.0 = Debug|Any CPU
		{EDB469E7-134E-48AB-AF7E-A6A1F08AFFD1}.Release|Any CPU.ActiveCfg = Release|Any CPU
		{EDB469E7-134E-48AB-AF7E-A6A1F08AFFD1}.Release|Any CPU.Build.0 = Release|Any CPU
	EndGlobalSection
	GlobalSection(SolutionProperties) = preSolution
		HideSolutionNode = FALSE
	EndGlobalSection
	GlobalSection(ExtensibilityGlobals) = postSolution
		SolutionGuid = {3295D8C2-DA4E-48B1-88C0-3A540E281B17}
	EndGlobalSection
EndGlobal
